
Microsoft Visual Studio Solution File, Format Version 12.00
# Visual Studio Version 16
VisualStudioVersion = 16.0.29306.81
MinimumVisualStudioVersion = 10.0.40219.1
Project("{9A19103F-16F7-4668-BE54-9A1E7A4F7556}") = "FeeCalculatorService", "FeeCalculatorService\FeeCalculatorService.csproj", "{7AD9D672-AEC0-44CF-AF8E-C608BC4A3F08}"
EndProject
Project("{9A19103F-16F7-4668-BE54-9A1E7A4F7556}") = "Domain", "Domain\Domain.csproj", "{3EDCDE5C-6D12-44B1-A1EB-0162D24E5F10}"
EndProject
Project("{9A19103F-16F7-4668-BE54-9A1E7A4F7556}") = "Repository", "Repository\Repository.csproj", "{FD387D0A-C260-4620-A1D4-F8DA54C70858}"
EndProject
Project("{9A19103F-16F7-4668-BE54-9A1E7A4F7556}") = "AcceptanceTests", "AcceptanceTests\AcceptanceTests.csproj", "{61EAA010-599C-4D85-A7CC-0E47DC97F606}"
EndProject
Project("{9A19103F-16F7-4668-BE54-9A1E7A4F7556}") = "Domain.UnitTests", "Domain.UnitTests\Domain.UnitTests.csproj", "{B7801D99-F76D-42FE-AE9F-CA1AAB909826}"
EndProject
Project("{FAE04EC0-301F-11D3-BF4B-00C04F79EFBC}") = "FeeCalculatorService.UnitTests", "FeeCalculatorService.UnitTests\FeeCalculatorService.UnitTests.csproj", "{FAA9449A-3369-4D75-A722-2D89DA4BE5DA}"
EndProject
Global
	GlobalSection(SolutionConfigurationPlatforms) = preSolution
		Debug|Any CPU = Debug|Any CPU
		Release|Any CPU = Release|Any CPU
	EndGlobalSection
	GlobalSection(ProjectConfigurationPlatforms) = postSolution
		{7AD9D672-AEC0-44CF-AF8E-C608BC4A3F08}.Debug|Any CPU.ActiveCfg = Debug|Any CPU
		{7AD9D672-AEC0-44CF-AF8E-C608BC4A3F08}.Debug|Any CPU.Build.0 = Debug|Any CPU
		{7AD9D672-AEC0-44CF-AF8E-C608BC4A3F08}.Release|Any CPU.ActiveCfg = Release|Any CPU
		{7AD9D672-AEC0-44CF-AF8E-C608BC4A3F08}.Release|Any CPU.Build.0 = Release|Any CPU
		{3EDCDE5C-6D12-44B1-A1EB-0162D24E5F10}.Debug|Any CPU.ActiveCfg = Debug|Any CPU
		{3EDCDE5C-6D12-44B1-A1EB-0162D24E5F10}.Debug|Any CPU.Build.0 = Debug|Any CPU
		{3EDCDE5C-6D12-44B1-A1EB-0162D24E5F10}.Release|Any CPU.ActiveCfg = Release|Any CPU
		{3EDCDE5C-6D12-44B1-A1EB-0162D24E5F10}.Release|Any CPU.Build.0 = Release|Any CPU
		{FD387D0A-C260-4620-A1D4-F8DA54C70858}.Debug|Any CPU.ActiveCfg = Debug|Any CPU
		{FD387D0A-C260-4620-A1D4-F8DA54C70858}.Debug|Any CPU.Build.0 = Debug|Any CPU
		{FD387D0A-C260-4620-A1D4-F8DA54C70858}.Release|Any CPU.ActiveCfg = Release|Any CPU
		{FD387D0A-C260-4620-A1D4-F8DA54C70858}.Release|Any CPU.Build.0 = Release|Any CPU
		{61EAA010-599C-4D85-A7CC-0E47DC97F606}.Debug|Any CPU.ActiveCfg = Debug|Any CPU
		{61EAA010-599C-4D85-A7CC-0E47DC97F606}.Debug|Any CPU.Build.0 = Debug|Any CPU
		{61EAA010-599C-4D85-A7CC-0E47DC97F606}.Release|Any CPU.ActiveCfg = Release|Any CPU
		{61EAA010-599C-4D85-A7CC-0E47DC97F606}.Release|Any CPU.Build.0 = Release|Any CPU
		{B7801D99-F76D-42FE-AE9F-CA1AAB909826}.Debug|Any CPU.ActiveCfg = Debug|Any CPU
		{B7801D99-F76D-42FE-AE9F-CA1AAB909826}.Debug|Any CPU.Build.0 = Debug|Any CPU
		{B7801D99-F76D-42FE-AE9F-CA1AAB909826}.Release|Any CPU.ActiveCfg = Release|Any CPU
		{B7801D99-F76D-42FE-AE9F-CA1AAB909826}.Release|Any CPU.Build.0 = Release|Any CPU
		{FAA9449A-3369-4D75-A722-2D89DA4BE5DA}.Debug|Any CPU.ActiveCfg = Debug|Any CPU
		{FAA9449A-3369-4D75-A722-2D89DA4BE5DA}.Debug|Any CPU.Build.0 = Debug|Any CPU
		{FAA9449A-3369-4D75-A722-2D89DA4BE5DA}.Release|Any CPU.ActiveCfg = Release|Any CPU
		{FAA9449A-3369-4D75-A722-2D89DA4BE5DA}.Release|Any CPU.Build.0 = Release|Any CPU
	EndGlobalSection
	GlobalSection(SolutionProperties) = preSolution
		HideSolutionNode = FALSE
	EndGlobalSection
	GlobalSection(ExtensibilityGlobals) = postSolution
		SolutionGuid = {9199B1A7-2849-4485-BCFB-2351A29F4412}
	EndGlobalSection
EndGlobal
